
Microsoft Visual Studio Solution File, Format Version 12.00
# Visual Studio Version 16
VisualStudioVersion = 16.0.32602.291
MinimumVisualStudioVersion = 10.0.40219.1
Project("{FAE04EC0-301F-11D3-BF4B-00C04F79EFBC}") = "interview", "interview.csproj", "{413C1234-E267-4AFC-8322-9ED9C53B3B36}"
EndProject
Global
	GlobalSection(SolutionConfigurationPlatforms) = preSolution
		Debug|Any CPU = Debug|Any CPU
		Release|Any CPU = Release|Any CPU
	EndGlobalSection
	GlobalSection(ProjectConfigurationPlatforms) = postSolution
		{413C1234-E267-4AFC-8322-9ED9C53B3B36}.Debug|Any CPU.ActiveCfg = Debug|Any CPU
		{413C1234-E267-4AFC-8322-9ED9C53B3B36}.Debug|Any CPU.Build.0 = Debug|Any CPU
		{413C1234-E267-4AFC-8322-9ED9C53B3B36}.Release|Any CPU.ActiveCfg = Release|Any CPU
		{413C1234-E267-4AFC-8322-9ED9C53B3B36}.Release|Any CPU.Build.0 = Release|Any CPU
	EndGlobalSection
	GlobalSection(SolutionProperties) = preSolution
		HideSolutionNode = FALSE
	EndGlobalSection
	GlobalSection(ExtensibilityGlobals) = postSolution
		SolutionGuid = {0937B281-D655-44D5-BA15-9643DA09A3B6}
	EndGlobalSection
EndGlobal
